// !$*UTF8*$!
{
	archiveVersion = 1;
	classes = {
	};
	objectVersion = 48;
	objects = {

/* Begin PBXBuildFile section */
		0124685E2109BBA600C71002 /* AppDelegate.swift in Sources */ = {isa = PBXBuildFile; fileRef = 0124685D2109BBA600C71002 /* AppDelegate.swift */; };
		012468602109BBA600C71002 /* ViewController.swift in Sources */ = {isa = PBXBuildFile; fileRef = 0124685F2109BBA600C71002 /* ViewController.swift */; };
		012468632109BBA600C71002 /* Main.storyboard in Resources */ = {isa = PBXBuildFile; fileRef = 012468612109BBA600C71002 /* Main.storyboard */; };
		012468652109BBAF00C71002 /* Assets.xcassets in Resources */ = {isa = PBXBuildFile; fileRef = 012468642109BBAF00C71002 /* Assets.xcassets */; };
		012468682109BBAF00C71002 /* LaunchScreen.storyboard in Resources */ = {isa = PBXBuildFile; fileRef = 012468662109BBAF00C71002 /* LaunchScreen.storyboard */; };
		012468702109BC8A00C71002 /* GoogleService-Info.plist in Resources */ = {isa = PBXBuildFile; fileRef = 0124686F2109BC8A00C71002 /* GoogleService-Info.plist */; };
		012468722109D41400C71002 /* RiderViewController.swift in Sources */ = {isa = PBXBuildFile; fileRef = 012468712109D41400C71002 /* RiderViewController.swift */; };
		01B9BD91210B174B0042A6B5 /* DriverTableViewController.swift in Sources */ = {isa = PBXBuildFile; fileRef = 01B9BD90210B174B0042A6B5 /* DriverTableViewController.swift */; };
		01B9BD93210B2A5E0042A6B5 /* DriverViewController.swift in Sources */ = {isa = PBXBuildFile; fileRef = 01B9BD92210B2A5E0042A6B5 /* DriverViewController.swift */; };
		BB9D74F9B8869689FF705292 /* Pods_Uber.framework in Frameworks */ = {isa = PBXBuildFile; fileRef = 53014FB992BBBF225FF74EF8 /* Pods_Uber.framework */; };
/* End PBXBuildFile section */

/* Begin PBXFileReference section */
		0124685A2109BBA600C71002 /* Uber.app */ = {isa = PBXFileReference; explicitFileType = wrapper.application; includeInIndex = 0; path = Uber.app; sourceTree = BUILT_PRODUCTS_DIR; };
		0124685D2109BBA600C71002 /* AppDelegate.swift */ = {isa = PBXFileReference; lastKnownFileType = sourcecode.swift; path = AppDelegate.swift; sourceTree = "<group>"; };
		0124685F2109BBA600C71002 /* ViewController.swift */ = {isa = PBXFileReference; lastKnownFileType = sourcecode.swift; path = ViewController.swift; sourceTree = "<group>"; };
		012468622109BBA600C71002 /* Base */ = {isa = PBXFileReference; lastKnownFileType = file.storyboard; name = Base; path = Base.lproj/Main.storyboard; sourceTree = "<group>"; };
		012468642109BBAF00C71002 /* Assets.xcassets */ = {isa = PBXFileReference; lastKnownFileType = folder.assetcatalog; path = Assets.xcassets; sourceTree = "<group>"; };
		012468672109BBAF00C71002 /* Base */ = {isa = PBXFileReference; lastKnownFileType = file.storyboard; name = Base; path = Base.lproj/LaunchScreen.storyboard; sourceTree = "<group>"; };
		012468692109BBAF00C71002 /* Info.plist */ = {isa = PBXFileReference; lastKnownFileType = text.plist.xml; path = Info.plist; sourceTree = "<group>"; };
		0124686F2109BC8A00C71002 /* GoogleService-Info.plist */ = {isa = PBXFileReference; fileEncoding = 4; lastKnownFileType = text.plist.xml; path = "GoogleService-Info.plist"; sourceTree = "<group>"; };
		012468712109D41400C71002 /* RiderViewController.swift */ = {isa = PBXFileReference; lastKnownFileType = sourcecode.swift; path = RiderViewController.swift; sourceTree = "<group>"; };
		01B9BD90210B174B0042A6B5 /* DriverTableViewController.swift */ = {isa = PBXFileReference; lastKnownFileType = sourcecode.swift; path = DriverTableViewController.swift; sourceTree = "<group>"; };
		01B9BD92210B2A5E0042A6B5 /* DriverViewController.swift */ = {isa = PBXFileReference; lastKnownFileType = sourcecode.swift; path = DriverViewController.swift; sourceTree = "<group>"; };
		3D0058BD10F3F29304B0BC6D /* Pods-Uber.debug.xcconfig */ = {isa = PBXFileReference; includeInIndex = 1; lastKnownFileType = text.xcconfig; name = "Pods-Uber.debug.xcconfig"; path = "Pods/Target Support Files/Pods-Uber/Pods-Uber.debug.xcconfig"; sourceTree = "<group>"; };
		5273D2FA3639D170630ADD59 /* Pods-Uber.release.xcconfig */ = {isa = PBXFileReference; includeInIndex = 1; lastKnownFileType = text.xcconfig; name = "Pods-Uber.release.xcconfig"; path = "Pods/Target Support Files/Pods-Uber/Pods-Uber.release.xcconfig"; sourceTree = "<group>"; };
		53014FB992BBBF225FF74EF8 /* Pods_Uber.framework */ = {isa = PBXFileReference; explicitFileType = wrapper.framework; includeInIndex = 0; path = Pods_Uber.framework; sourceTree = BUILT_PRODUCTS_DIR; };
/* End PBXFileReference section */

/* Begin PBXFrameworksBuildPhase section */
		012468572109BBA600C71002 /* Frameworks */ = {
			isa = PBXFrameworksBuildPhase;
			buildActionMask = 2147483647;
			files = (
				BB9D74F9B8869689FF705292 /* Pods_Uber.framework in Frameworks */,
			);
			runOnlyForDeploymentPostprocessing = 0;
		};
/* End PBXFrameworksBuildPhase section */

/* Begin PBXGroup section */
		012468512109BBA600C71002 = {
			isa = PBXGroup;
			children = (
				0124685C2109BBA600C71002 /* Uber */,
				0124685B2109BBA600C71002 /* Products */,
				8CEC0A6DBC4EFBC51077EFCF /* Pods */,
				E86A331B40226A000F297212 /* Frameworks */,
			);
			sourceTree = "<group>";
		};
		0124685B2109BBA600C71002 /* Products */ = {
			isa = PBXGroup;
			children = (
				0124685A2109BBA600C71002 /* Uber.app */,
			);
			name = Products;
			sourceTree = "<group>";
		};
		0124685C2109BBA600C71002 /* Uber */ = {
			isa = PBXGroup;
			children = (
				0124685D2109BBA600C71002 /* AppDelegate.swift */,
				0124685F2109BBA600C71002 /* ViewController.swift */,
				012468712109D41400C71002 /* RiderViewController.swift */,
				01B9BD90210B174B0042A6B5 /* DriverTableViewController.swift */,
				01B9BD92210B2A5E0042A6B5 /* DriverViewController.swift */,
				012468612109BBA600C71002 /* Main.storyboard */,
				012468642109BBAF00C71002 /* Assets.xcassets */,
				012468662109BBAF00C71002 /* LaunchScreen.storyboard */,
				012468692109BBAF00C71002 /* Info.plist */,
				0124686F2109BC8A00C71002 /* GoogleService-Info.plist */,
			);
			path = Uber;
			sourceTree = "<group>";
		};
		8CEC0A6DBC4EFBC51077EFCF /* Pods */ = {
			isa = PBXGroup;
			children = (
				3D0058BD10F3F29304B0BC6D /* Pods-Uber.debug.xcconfig */,
				5273D2FA3639D170630ADD59 /* Pods-Uber.release.xcconfig */,
			);
			name = Pods;
			sourceTree = "<group>";
		};
		E86A331B40226A000F297212 /* Frameworks */ = {
			isa = PBXGroup;
			children = (
				53014FB992BBBF225FF74EF8 /* Pods_Uber.framework */,
			);
			name = Frameworks;
			sourceTree = "<group>";
		};
/* End PBXGroup section */

/* Begin PBXNativeTarget section */
		012468592109BBA600C71002 /* Uber */ = {
			isa = PBXNativeTarget;
			buildConfigurationList = 0124686C2109BBAF00C71002 /* Build configuration list for PBXNativeTarget "Uber" */;
			buildPhases = (
				A4B0B9BB61DEE221D97D83EC /* [CP] Check Pods Manifest.lock */,
				012468562109BBA600C71002 /* Sources */,
				012468572109BBA600C71002 /* Frameworks */,
				012468582109BBA600C71002 /* Resources */,
				4BA317EA7B541DD8C0279EA4 /* [CP] Embed Pods Frameworks */,
				3D8CC430612ECF0394A13166 /* [CP] Copy Pods Resources */,
			);
			buildRules = (
			);
			dependencies = (
			);
			name = Uber;
			productName = Uber;
			productReference = 0124685A2109BBA600C71002 /* Uber.app */;
			productType = "com.apple.product-type.application";
		};
/* End PBXNativeTarget section */

/* Begin PBXProject section */
		012468522109BBA600C71002 /* Project object */ = {
			isa = PBXProject;
			attributes = {
				LastSwiftUpdateCheck = 0940;
				LastUpgradeCheck = 0940;
				ORGANIZATIONNAME = "Yassine Daoudi";
				TargetAttributes = {
					012468592109BBA600C71002 = {
						CreatedOnToolsVersion = 9.4;
						ProvisioningStyle = Automatic;
					};
				};
			};
			buildConfigurationList = 012468552109BBA600C71002 /* Build configuration list for PBXProject "Uber" */;
			compatibilityVersion = "Xcode 8.0";
			developmentRegion = en;
			hasScannedForEncodings = 0;
			knownRegions = (
				en,
				Base,
			);
			mainGroup = 012468512109BBA600C71002;
			productRefGroup = 0124685B2109BBA600C71002 /* Products */;
			projectDirPath = "";
			projectRoot = "";
			targets = (
				012468592109BBA600C71002 /* Uber */,
			);
		};
/* End PBXProject section */

/* Begin PBXResourcesBuildPhase section */
		012468582109BBA600C71002 /* Resources */ = {
			isa = PBXResourcesBuildPhase;
			buildActionMask = 2147483647;
			files = (
				012468682109BBAF00C71002 /* LaunchScreen.storyboard in Resources */,
				012468702109BC8A00C71002 /* GoogleService-Info.plist in Resources */,
				012468652109BBAF00C71002 /* Assets.xcassets in Resources */,
				012468632109BBA600C71002 /* Main.storyboard in Resources */,
			);
			runOnlyForDeploymentPostprocessing = 0;
		};
/* End PBXResourcesBuildPhase section */

/* Begin PBXShellScriptBuildPhase section */
		3D8CC430612ECF0394A13166 /* [CP] Copy Pods Resources */ = {
			isa = PBXShellScriptBuildPhase;
			buildActionMask = 2147483647;
			files = (
			);
			inputPaths = (
			);
			name = "[CP] Copy Pods Resources";
			outputPaths = (
			);
			runOnlyForDeploymentPostprocessing = 0;
			shellPath = /bin/sh;
			shellScript = "\"${SRCROOT}/Pods/Target Support Files/Pods-Uber/Pods-Uber-resources.sh\"\n";
			showEnvVarsInLog = 0;
		};
		4BA317EA7B541DD8C0279EA4 /* [CP] Embed Pods Frameworks */ = {
			isa = PBXShellScriptBuildPhase;
			buildActionMask = 2147483647;
			files = (
			);
			inputPaths = (
				"${SRCROOT}/Pods/Target Support Files/Pods-Uber/Pods-Uber-frameworks.sh",
				"${BUILT_PRODUCTS_DIR}/GTMSessionFetcher/GTMSessionFetcher.framework",
				"${BUILT_PRODUCTS_DIR}/GoogleToolboxForMac/GoogleToolboxForMac.framework",
				"${BUILT_PRODUCTS_DIR}/leveldb-library/leveldb.framework",
				"${BUILT_PRODUCTS_DIR}/nanopb/nanopb.framework",
			);
			name = "[CP] Embed Pods Frameworks";
			outputPaths = (
				"${TARGET_BUILD_DIR}/${FRAMEWORKS_FOLDER_PATH}/GTMSessionFetcher.framework",
				"${TARGET_BUILD_DIR}/${FRAMEWORKS_FOLDER_PATH}/GoogleToolboxForMac.framework",
				"${TARGET_BUILD_DIR}/${FRAMEWORKS_FOLDER_PATH}/leveldb.framework",
				"${TARGET_BUILD_DIR}/${FRAMEWORKS_FOLDER_PATH}/nanopb.framework",
			);
			runOnlyForDeploymentPostprocessing = 0;
			shellPath = /bin/sh;
			shellScript = "\"${SRCROOT}/Pods/Target Support Files/Pods-Uber/Pods-Uber-frameworks.sh\"\n";
			showEnvVarsInLog = 0;
		};
		A4B0B9BB61DEE221D97D83EC /* [CP] Check Pods Manifest.lock */ = {
			isa = PBXShellScriptBuildPhase;
			buildActionMask = 2147483647;
			files = (
			);
			inputPaths = (
				"${PODS_PODFILE_DIR_PATH}/Podfile.lock",
				"${PODS_ROOT}/Manifest.lock",
			);
			name = "[CP] Check Pods Manifest.lock";
			outputPaths = (
				"$(DERIVED_FILE_DIR)/Pods-Uber-checkManifestLockResult.txt",
			);
			runOnlyForDeploymentPostprocessing = 0;
			shellPath = /bin/sh;
			shellScript = "diff \"${PODS_PODFILE_DIR_PATH}/Podfile.lock\" \"${PODS_ROOT}/Manifest.lock\" > /dev/null\nif [ $? != 0 ] ; then\n    # print error to STDERR\n    echo \"error: The sandbox is not in sync with the Podfile.lock. Run 'pod install' or update your CocoaPods installation.\" >&2\n    exit 1\nfi\n# This output is used by Xcode 'outputs' to avoid re-running this script phase.\necho \"SUCCESS\" > \"${SCRIPT_OUTPUT_FILE_0}\"\n";
			showEnvVarsInLog = 0;
		};
/* End PBXShellScriptBuildPhase section */

/* Begin PBXSourcesBuildPhase section */
		012468562109BBA600C71002 /* Sources */ = {
			isa = PBXSourcesBuildPhase;
			buildActionMask = 2147483647;
			files = (
				012468602109BBA600C71002 /* ViewController.swift in Sources */,
				01B9BD93210B2A5E0042A6B5 /* DriverViewController.swift in Sources */,
				01B9BD91210B174B0042A6B5 /* DriverTableViewController.swift in Sources */,
				012468722109D41400C71002 /* RiderViewController.swift in Sources */,
				0124685E2109BBA600C71002 /* AppDelegate.swift in Sources */,
			);
			runOnlyForDeploymentPostprocessing = 0;
		};
/* End PBXSourcesBuildPhase section */

/* Begin PBXVariantGroup section */
		012468612109BBA600C71002 /* Main.storyboard */ = {
			isa = PBXVariantGroup;
			children = (
				012468622109BBA600C71002 /* Base */,
			);
			name = Main.storyboard;
			sourceTree = "<group>";
		};
		012468662109BBAF00C71002 /* LaunchScreen.storyboard */ = {
			isa = PBXVariantGroup;
			children = (
				012468672109BBAF00C71002 /* Base */,
			);
			name = LaunchScreen.storyboard;
			sourceTree = "<group>";
		};
/* End PBXVariantGroup section */

/* Begin XCBuildConfiguration section */
		0124686A2109BBAF00C71002 /* Debug */ = {
			isa = XCBuildConfiguration;
			buildSettings = {
				ALWAYS_SEARCH_USER_PATHS = NO;
				CLANG_ANALYZER_NONNULL = YES;
				CLANG_ANALYZER_NUMBER_OBJECT_CONVERSION = YES_AGGRESSIVE;
				CLANG_CXX_LANGUAGE_STANDARD = "gnu++14";
				CLANG_CXX_LIBRARY = "libc++";
				CLANG_ENABLE_MODULES = YES;
				CLANG_ENABLE_OBJC_ARC = YES;
				CLANG_ENABLE_OBJC_WEAK = YES;
				CLANG_WARN_BLOCK_CAPTURE_AUTORELEASING = YES;
				CLANG_WARN_BOOL_CONVERSION = YES;
				CLANG_WARN_COMMA = YES;
				CLANG_WARN_CONSTANT_CONVERSION = YES;
				CLANG_WARN_DEPRECATED_OBJC_IMPLEMENTATIONS = YES;
				CLANG_WARN_DIRECT_OBJC_ISA_USAGE = YES_ERROR;
				CLANG_WARN_DOCUMENTATION_COMMENTS = YES;
				CLANG_WARN_EMPTY_BODY = YES;
				CLANG_WARN_ENUM_CONVERSION = YES;
				CLANG_WARN_INFINITE_RECURSION = YES;
				CLANG_WARN_INT_CONVERSION = YES;
				CLANG_WARN_NON_LITERAL_NULL_CONVERSION = YES;
				CLANG_WARN_OBJC_IMPLICIT_RETAIN_SELF = YES;
				CLANG_WARN_OBJC_LITERAL_CONVERSION = YES;
				CLANG_WARN_OBJC_ROOT_CLASS = YES_ERROR;
				CLANG_WARN_RANGE_LOOP_ANALYSIS = YES;
				CLANG_WARN_STRICT_PROTOTYPES = YES;
				CLANG_WARN_SUSPICIOUS_MOVE = YES;
				CLANG_WARN_UNGUARDED_AVAILABILITY = YES_AGGRESSIVE;
				CLANG_WARN_UNREACHABLE_CODE = YES;
				CLANG_WARN__DUPLICATE_METHOD_MATCH = YES;
				CODE_SIGN_IDENTITY = "iPhone Developer";
				COPY_PHASE_STRIP = NO;
				DEBUG_INFORMATION_FORMAT = dwarf;
				ENABLE_STRICT_OBJC_MSGSEND = YES;
				ENABLE_TESTABILITY = YES;
				GCC_C_LANGUAGE_STANDARD = gnu11;
				GCC_DYNAMIC_NO_PIC = NO;
				GCC_NO_COMMON_BLOCKS = YES;
				GCC_OPTIMIZATION_LEVEL = 0;
				GCC_PREPROCESSOR_DEFINITIONS = (
					"DEBUG=1",
					"$(inherited)",
				);
				GCC_WARN_64_TO_32_BIT_CONVERSION = YES;
				GCC_WARN_ABOUT_RETURN_TYPE = YES_ERROR;
				GCC_WARN_UNDECLARED_SELECTOR = YES;
				GCC_WARN_UNINITIALIZED_AUTOS = YES_AGGRESSIVE;
				GCC_WARN_UNUSED_FUNCTION = YES;
				GCC_WARN_UNUSED_VARIABLE = YES;
				IPHONEOS_DEPLOYMENT_TARGET = 11.4;
				MTL_ENABLE_DEBUG_INFO = YES;
				ONLY_ACTIVE_ARCH = YES;
				SDKROOT = iphoneos;
				SWIFT_ACTIVE_COMPILATION_CONDITIONS = DEBUG;
				SWIFT_OPTIMIZATION_LEVEL = "-Onone";
			};
			name = Debug;
		};
		0124686B2109BBAF00C71002 /* Release */ = {
			isa = XCBuildConfiguration;
			buildSettings = {
				ALWAYS_SEARCH_USER_PATHS = NO;
				CLANG_ANALYZER_NONNULL = YES;
				CLANG_ANALYZER_NUMBER_OBJECT_CONVERSION = YES_AGGRESSIVE;
				CLANG_CXX_LANGUAGE_STANDARD = "gnu++14";
				CLANG_CXX_LIBRARY = "libc++";
				CLANG_ENABLE_MODULES = YES;
				CLANG_ENABLE_OBJC_ARC = YES;
				CLANG_ENABLE_OBJC_WEAK = YES;
				CLANG_WARN_BLOCK_CAPTURE_AUTORELEASING = YES;
				CLANG_WARN_BOOL_CONVERSION = YES;
				CLANG_WARN_COMMA = YES;
				CLANG_WARN_CONSTANT_CONVERSION = YES;
				CLANG_WARN_DEPRECATED_OBJC_IMPLEMENTATIONS = YES;
				CLANG_WARN_DIRECT_OBJC_ISA_USAGE = YES_ERROR;
				CLANG_WARN_DOCUMENTATION_COMMENTS = YES;
				CLANG_WARN_EMPTY_BODY = YES;
				CLANG_WARN_ENUM_CONVERSION = YES;
				CLANG_WARN_INFINITE_RECURSION = YES;
				CLANG_WARN_INT_CONVERSION = YES;
				CLANG_WARN_NON_LITERAL_NULL_CONVERSION = YES;
				CLANG_WARN_OBJC_IMPLICIT_RETAIN_SELF = YES;
				CLANG_WARN_OBJC_LITERAL_CONVERSION = YES;
				CLANG_WARN_OBJC_ROOT_CLASS = YES_ERROR;
				CLANG_WARN_RANGE_LOOP_ANALYSIS = YES;
				CLANG_WARN_STRICT_PROTOTYPES = YES;
				CLANG_WARN_SUSPICIOUS_MOVE = YES;
				CLANG_WARN_UNGUARDED_AVAILABILITY = YES_AGGRESSIVE;
				CLANG_WARN_UNREACHABLE_CODE = YES;
				CLANG_WARN__DUPLICATE_METHOD_MATCH = YES;
				CODE_SIGN_IDENTITY = "iPhone Developer";
				COPY_PHASE_STRIP = NO;
				DEBUG_INFORMATION_FORMAT = "dwarf-with-dsym";
				ENABLE_NS_ASSERTIONS = NO;
				ENABLE_STRICT_OBJC_MSGSEND = YES;
				GCC_C_LANGUAGE_STANDARD = gnu11;
				GCC_NO_COMMON_BLOCKS = YES;
				GCC_WARN_64_TO_32_BIT_CONVERSION = YES;
				GCC_WARN_ABOUT_RETURN_TYPE = YES_ERROR;
				GCC_WARN_UNDECLARED_SELECTOR = YES;
				GCC_WARN_UNINITIALIZED_AUTOS = YES_AGGRESSIVE;
				GCC_WARN_UNUSED_FUNCTION = YES;
				GCC_WARN_UNUSED_VARIABLE = YES;
				IPHONEOS_DEPLOYMENT_TARGET = 11.4;
				MTL_ENABLE_DEBUG_INFO = NO;
				SDKROOT = iphoneos;
				SWIFT_OPTIMIZATION_LEVEL = "-Owholemodule";
				VALIDATE_PRODUCT = YES;
			};
			name = Release;
		};
		0124686D2109BBAF00C71002 /* Debug */ = {
			isa = XCBuildConfiguration;
			baseConfigurationReference = 3D0058BD10F3F29304B0BC6D /* Pods-Uber.debug.xcconfig */;
			buildSettings = {
				ASSETCATALOG_COMPILER_APPICON_NAME = AppIcon;
				CODE_SIGN_STYLE = Automatic;
				DEVELOPMENT_TEAM = R5Q22DTY4G;
				INFOPLIST_FILE = Uber/Info.plist;
				LD_RUNPATH_SEARCH_PATHS = "$(inherited) @executable_path/Frameworks";
				PRODUCT_BUNDLE_IDENTIFIER = com.yd.Uber;
				PRODUCT_NAME = "$(TARGET_NAME)";
				SWIFT_VERSION = 4.0;
				TARGETED_DEVICE_FAMILY = "1,2";
			};
			name = Debug;
		};
		0124686E2109BBAF00C71002 /* Release */ = {
			isa = XCBuildConfiguration;
			baseConfigurationReference = 5273D2FA3639D170630ADD59 /* Pods-Uber.release.xcconfig */;
			buildSettings = {
				ASSETCATALOG_COMPILER_APPICON_NAME = AppIcon;
				CODE_SIGN_STYLE = Automatic;
				DEVELOPMENT_TEAM = R5Q22DTY4G;
				INFOPLIST_FILE = Uber/Info.plist;
				LD_RUNPATH_SEARCH_PATHS = "$(inherited) @executable_path/Frameworks";
				PRODUCT_BUNDLE_IDENTIFIER = com.yd.Uber;
				PRODUCT_NAME = "$(TARGET_NAME)";
				SWIFT_VERSION = 4.0;
				TARGETED_DEVICE_FAMILY = "1,2";
			};
			name = Release;
		};
/* End XCBuildConfiguration section */

/* Begin XCConfigurationList section */
		012468552109BBA600C71002 /* Build configuration list for PBXProject "Uber" */ = {
			isa = XCConfigurationList;
			buildConfigurations = (
				0124686A2109BBAF00C71002 /* Debug */,
				0124686B2109BBAF00C71002 /* Release */,
			);
			defaultConfigurationIsVisible = 0;
			defaultConfigurationName = Release;
		};
		0124686C2109BBAF00C71002 /* Build configuration list for PBXNativeTarget "Uber" */ = {
			isa = XCConfigurationList;
			buildConfigurations = (
				0124686D2109BBAF00C71002 /* Debug */,
				0124686E2109BBAF00C71002 /* Release */,
			);
			defaultConfigurationIsVisible = 0;
			defaultConfigurationName = Release;
		};
/* End XCConfigurationList section */
	};
	rootObject = 012468522109BBA600C71002 /* Project object */;
}
